
Microsoft Visual Studio Solution File, Format Version 12.00
# Visual Studio Version 17
VisualStudioVersion = 17.7.34221.43
MinimumVisualStudioVersion = 10.0.40219.1
Project("{FAE04EC0-301F-11D3-BF4B-00C04F79EFBC}") = "SAYAÇ", "SAYAÇ.csproj", "{7ED7D873-C8DC-4F94-A80A-068A46BB384F}"
EndProject
Global
	GlobalSection(SolutionConfigurationPlatforms) = preSolution
		Debug|Any CPU = Debug|Any CPU
		Release|Any CPU = Release|Any CPU
	EndGlobalSection
	GlobalSection(ProjectConfigurationPlatforms) = postSolution
		{7ED7D873-C8DC-4F94-A80A-068A46BB384F}.Debug|Any CPU.ActiveCfg = Debug|Any CPU
		{7ED7D873-C8DC-4F94-A80A-068A46BB384F}.Debug|Any CPU.Build.0 = Debug|Any CPU
		{7ED7D873-C8DC-4F94-A80A-068A46BB384F}.Release|Any CPU.ActiveCfg = Release|Any CPU
		{7ED7D873-C8DC-4F94-A80A-068A46BB384F}.Release|Any CPU.Build.0 = Release|Any CPU
	EndGlobalSection
	GlobalSection(SolutionProperties) = preSolution
		HideSolutionNode = FALSE
	EndGlobalSection
	GlobalSection(ExtensibilityGlobals) = postSolution
		SolutionGuid = {843B8566-7E7D-4BB8-A3E1-0B1E233989F0}
	EndGlobalSection
EndGlobal
